
Microsoft Visual Studio Solution File, Format Version 12.00
# Visual Studio Version 17
VisualStudioVersion = 17.2.32519.379
MinimumVisualStudioVersion = 10.0.40219.1
Project("{9A19103F-16F7-4668-BE54-9A1E7A4F7556}") = "Dictionaries", "ConsoleUI\Dictionaries.csproj", "{38A1846F-107F-4781-94B7-F330D8E564D0}"
EndProject
Global
	GlobalSection(SolutionConfigurationPlatforms) = preSolution
		Debug|Any CPU = Debug|Any CPU
		Release|Any CPU = Release|Any CPU
	EndGlobalSection
	GlobalSection(ProjectConfigurationPlatforms) = postSolution
		{38A1846F-107F-4781-94B7-F330D8E564D0}.Debug|Any CPU.ActiveCfg = Debug|Any CPU
		{38A1846F-107F-4781-94B7-F330D8E564D0}.Debug|Any CPU.Build.0 = Debug|Any CPU
		{38A1846F-107F-4781-94B7-F330D8E564D0}.Release|Any CPU.ActiveCfg = Release|Any CPU
		{38A1846F-107F-4781-94B7-F330D8E564D0}.Release|Any CPU.Build.0 = Release|Any CPU
	EndGlobalSection
	GlobalSection(SolutionProperties) = preSolution
		HideSolutionNode = FALSE
	EndGlobalSection
	GlobalSection(ExtensibilityGlobals) = postSolution
		SolutionGuid = {ACDAF2F2-00F2-4EDC-AE1A-46A9A3C027CD}
	EndGlobalSection
EndGlobal
